
Microsoft Visual Studio Solution File, Format Version 12.00
# Visual Studio Version 16
VisualStudioVersion = 16.0.30204.135
MinimumVisualStudioVersion = 10.0.40219.1
Project("{FAE04EC0-301F-11D3-BF4B-00C04F79EFBC}") = "ServerProDiscord", "ServerProDiscord\ServerProDiscord.csproj", "{1515677D-3487-4F6F-8C45-A9E6863C5E27}"
EndProject
Global
	GlobalSection(SolutionConfigurationPlatforms) = preSolution
		Debug|Any CPU = Debug|Any CPU
		Release|Any CPU = Release|Any CPU
	EndGlobalSection
	GlobalSection(ProjectConfigurationPlatforms) = postSolution
		{1515677D-3487-4F6F-8C45-A9E6863C5E27}.Debug|Any CPU.ActiveCfg = Debug|Any CPU
		{1515677D-3487-4F6F-8C45-A9E6863C5E27}.Debug|Any CPU.Build.0 = Debug|Any CPU
		{1515677D-3487-4F6F-8C45-A9E6863C5E27}.Release|Any CPU.ActiveCfg = Release|Any CPU
		{1515677D-3487-4F6F-8C45-A9E6863C5E27}.Release|Any CPU.Build.0 = Release|Any CPU
	EndGlobalSection
	GlobalSection(SolutionProperties) = preSolution
		HideSolutionNode = FALSE
	EndGlobalSection
	GlobalSection(ExtensibilityGlobals) = postSolution
		SolutionGuid = {C1FFF5AD-7481-42D8-ADF7-7677DD097E5F}
	EndGlobalSection
EndGlobal
